<?xml version="1.0" encoding="utf-8"?>
<Project ToolsVersion="4.0" xmlns="http://schemas.microsoft.com/developer/msbuild/2003">
  <ItemGroup>
    <Filter Include="Source Files">
      <UniqueIdentifier>{4FC737F1-C7A5-4376-A066-2A32D752A2FF}</UniqueIdentifier>
      <Extensions>cpp;c;cc;cxx;def;odl;idl;hpj;bat;asm;asmx</Extensions>
    </Filter>
    <Filter Include="Header Files">
      <UniqueIdentifier>{93995380-89BD-4b04-88EB-625FBE52EBFB}</UniqueIdentifier>
      <Extensions>h;hh;hpp;hxx;hm;inl;inc;ipp;xsd</Extensions>
    </Filter>
    <Filter Include="Resource Files">
      <UniqueIdentifier>{67DA6AB6-F800-4c08-8B7A-83BB121AAD01}</UniqueIdentifier>
      <Extensions>rc;ico;cur;bmp;dlg;rc2;rct;bin;rgs;gif;jpg;jpeg;jpe;resx;tiff;tif;png;wav;mfcribbon-ms</Extensions>
    </Filter>
  </ItemGroup>
  <ItemGroup>
    <ClCompile Include="Src\Window\GameWindow.cpp">
      <Filter>Source Files</Filter>
    </ClCompile>
    <ClCompile Include="Src\Window\Main.cpp">
      <Filter>Source Files</Filter>
    </ClCompile>
    <ClCompile Include="Src\GUI\UI.cpp">
      <Filter>Source Files</Filter>
    </ClCompile>
    <ClCompile Include="Src\GUI\Camera.cpp">
      <Filter>Source Files</Filter>
    </ClCompile>
    <ClCompile Include="Src\Enemies\Enemy.cpp">
      <Filter>Source Files</Filter>
    </ClCompile>
    <ClCompile Include="Src\Player\Player.cpp">
      <Filter>Source Files</Filter>
    </ClCompile>
    <ClCompile Include="Src\Map\MapFileLoader.cpp">
      <Filter>Source Files</Filter>
    </ClCompile>
    <ClCompile Include="Src\Map\MapRenderer.cpp">
      <Filter>Source Files</Filter>
    </ClCompile>
    <ClCompile Include="Src\Texture\TerrainTextureManager.cpp">
      <Filter>Source Files</Filter>
    </ClCompile>
    <ClCompile Include="Src\Background\Background.cpp">
      <Filter>Source Files</Filter>
    </ClCompile>
    <ClCompile Include="Src\Background\Clouds.cpp">
      <Filter>Source Files</Filter>
    </ClCompile>
    <ClCompile Include="Src\Animations\Animation.cpp">
      <Filter>Source Files</Filter>
    </ClCompile>
    <ClCompile Include="Src\GUI\DebugButton.cpp">
      <Filter>Source Files</Filter>
    </ClCompile>
    <ClCompile Include="Src\Utility\Collision.cpp">
      <Filter>Source Files</Filter>
    </ClCompile>
  </ItemGroup>
  <ItemGroup>
    <ClInclude Include="Src\Window\Window_info.h">
      <Filter>Header Files</Filter>
    </ClInclude>
    <ClInclude Include="Src\Window\GameWindow.h">
      <Filter>Header Files</Filter>
    </ClInclude>
    <ClInclude Include="Src\GUI\UI.h">
      <Filter>Header Files</Filter>
    </ClInclude>
    <ClInclude Include="Src\GUI\Camera.h">
      <Filter>Header Files</Filter>
    </ClInclude>
    <ClInclude Include="Src\Enemies\Enemy.h">
      <Filter>Header Files</Filter>
    </ClInclude>
    <ClInclude Include="Src\Player\Player.h">
      <Filter>Header Files</Filter>
    </ClInclude>
    <ClInclude Include="Src\Map\MapFileLoader.h">
      <Filter>Header Files</Filter>
    </ClInclude>
    <ClInclude Include="Src\Map\MapRenderer.h">
      <Filter>Header Files</Filter>
    </ClInclude>
    <ClInclude Include="Src\Texture\BlocksInfo.h">
      <Filter>Header Files</Filter>
    </ClInclude>
    <ClInclude Include="Src\Texture\TerrainTextureManager.h">
      <Filter>Header Files</Filter>
    </ClInclude>
    <ClInclude Include="Src\Background\Background.h">
      <Filter>Header Files</Filter>
    </ClInclude>
    <ClInclude Include="Src\Background\Clouds.h">
      <Filter>Header Files</Filter>
    </ClInclude>
    <ClInclude Include="Src\Animations\Animation.h">
      <Filter>Header Files</Filter>
    </ClInclude>
    <ClInclude Include="Src\GUI\DebugButton.h">
      <Filter>Header Files</Filter>
    </ClInclude>
    <ClInclude Include="Src\Utility\Collision.h">
      <Filter>Header Files</Filter>
    </ClInclude>
  </ItemGroup>
  <ItemGroup>
    <Image Include="Res\tileset.png">
      <Filter>Resource Files</Filter>
    </Image>
    <Image Include="Res\Animations\Character\Idle\idle_0.png">
      <Filter>Resource Files</Filter>
    </Image>
    <Image Include="Res\Animations\Character\Idle\idle_1.png">
      <Filter>Resource Files</Filter>
    </Image>
    <Image Include="Res\Animations\Character\Idle\idle_2.png">
      <Filter>Resource Files</Filter>
    </Image>
    <Image Include="Res\Animations\Character\Idle\idle_3.png">
      <Filter>Resource Files</Filter>
    </Image>
    <Image Include="Res\Animations\Character\Jump\jump_0.png">
      <Filter>Resource Files</Filter>
    </Image>
    <Image Include="Res\Animations\Character\Jump\jump_1.png">
      <Filter>Resource Files</Filter>
    </Image>
    <Image Include="Res\Animations\Character\Jump\jump_2.png">
      <Filter>Resource Files</Filter>
    </Image>
    <Image Include="Res\Animations\Character\Jump\jump_3.png">
      <Filter>Resource Files</Filter>
    </Image>
    <Image Include="Res\Animations\Character\Jump\jump_4.png">
      <Filter>Resource Files</Filter>
    </Image>
    <Image Include="Res\Animations\Character\Jump\jump_5.png">
      <Filter>Resource Files</Filter>
    </Image>
    <Image Include="Res\Animations\Character\Run\run_0.png">
      <Filter>Resource Files</Filter>
    </Image>
    <Image Include="Res\Animations\Character\Run\run_1.png">
      <Filter>Resource Files</Filter>
    </Image>
    <Image Include="Res\Animations\Character\Run\run_2.png">
      <Filter>Resource Files</Filter>
    </Image>
    <Image Include="Res\Animations\Character\Run\run_3.png">
      <Filter>Resource Files</Filter>
    </Image>
    <Image Include="Res\Animations\Character\Run\run_4.png">
      <Filter>Resource Files</Filter>
    </Image>
    <Image Include="Res\Animations\Character\Run\run_5.png">
      <Filter>Resource Files</Filter>
    </Image>
    <Image Include="Res\darker_heart.png">
      <Filter>Resource Files</Filter>
    </Image>
  </ItemGroup>
  <ItemGroup>
    <Text Include="Maps\platformer.txt" />
    <Text Include="Maps\test.txt" />
  </ItemGroup>
</Project>